
Microsoft Visual Studio Solution File, Format Version 12.00
# Visual Studio Version 16
VisualStudioVersion = 16.0.29613.14
MinimumVisualStudioVersion = 10.0.40219.1
Project("{FAE04EC0-301F-11D3-BF4B-00C04F79EFBC}") = "ConsoleApp9", "ConsoleApp9\ConsoleApp9.csproj", "{335DFDE7-A84B-4C31-BB97-EA695CF25D89}"
EndProject
Global
	GlobalSection(SolutionConfigurationPlatforms) = preSolution
		Debug|Any CPU = Debug|Any CPU
		Release|Any CPU = Release|Any CPU
	EndGlobalSection
	GlobalSection(ProjectConfigurationPlatforms) = postSolution
		{335DFDE7-A84B-4C31-BB97-EA695CF25D89}.Debug|Any CPU.ActiveCfg = Debug|Any CPU
		{335DFDE7-A84B-4C31-BB97-EA695CF25D89}.Debug|Any CPU.Build.0 = Debug|Any CPU
		{335DFDE7-A84B-4C31-BB97-EA695CF25D89}.Release|Any CPU.ActiveCfg = Release|Any CPU
		{335DFDE7-A84B-4C31-BB97-EA695CF25D89}.Release|Any CPU.Build.0 = Release|Any CPU
	EndGlobalSection
	GlobalSection(SolutionProperties) = preSolution
		HideSolutionNode = FALSE
	EndGlobalSection
	GlobalSection(ExtensibilityGlobals) = postSolution
		SolutionGuid = {FC1C2E5A-7D84-4971-8E1D-87832E10590B}
	EndGlobalSection
EndGlobal
